
Microsoft Visual Studio Solution File, Format Version 12.00
# Visual Studio Version 16
VisualStudioVersion = 16.0.28917.181
MinimumVisualStudioVersion = 10.0.40219.1
Project("{FAE04EC0-301F-11D3-BF4B-00C04F79EFBC}") = "WaterTank", "WaterTank\WaterTank.csproj", "{701673E2-E145-4072-A9E0-127672BED3EE}"
EndProject
Global
	GlobalSection(SolutionConfigurationPlatforms) = preSolution
		Debug|Any CPU = Debug|Any CPU
		Release|Any CPU = Release|Any CPU
	EndGlobalSection
	GlobalSection(ProjectConfigurationPlatforms) = postSolution
		{701673E2-E145-4072-A9E0-127672BED3EE}.Debug|Any CPU.ActiveCfg = Debug|Any CPU
		{701673E2-E145-4072-A9E0-127672BED3EE}.Debug|Any CPU.Build.0 = Debug|Any CPU
		{701673E2-E145-4072-A9E0-127672BED3EE}.Release|Any CPU.ActiveCfg = Release|Any CPU
		{701673E2-E145-4072-A9E0-127672BED3EE}.Release|Any CPU.Build.0 = Release|Any CPU
	EndGlobalSection
	GlobalSection(SolutionProperties) = preSolution
		HideSolutionNode = FALSE
	EndGlobalSection
	GlobalSection(ExtensibilityGlobals) = postSolution
		SolutionGuid = {BAE864E9-793C-4235-BA25-D8BF7E3E3EFE}
	EndGlobalSection
EndGlobal
