
Microsoft Visual Studio Solution File, Format Version 12.00
# Visual Studio Version 16
VisualStudioVersion = 16.0.28803.452
MinimumVisualStudioVersion = 10.0.40219.1
Project("{FAE04EC0-301F-11D3-BF4B-00C04F79EFBC}") = "ClassesAndObjects_Calculator3", "ClassesAndObjects_Calculator3\ClassesAndObjects_Calculator3.csproj", "{BDDF8DFC-4267-44F4-AA56-A1233EE06E6E}"
EndProject
Global
	GlobalSection(SolutionConfigurationPlatforms) = preSolution
		Debug|Any CPU = Debug|Any CPU
		Release|Any CPU = Release|Any CPU
	EndGlobalSection
	GlobalSection(ProjectConfigurationPlatforms) = postSolution
		{BDDF8DFC-4267-44F4-AA56-A1233EE06E6E}.Debug|Any CPU.ActiveCfg = Debug|Any CPU
		{BDDF8DFC-4267-44F4-AA56-A1233EE06E6E}.Debug|Any CPU.Build.0 = Debug|Any CPU
		{BDDF8DFC-4267-44F4-AA56-A1233EE06E6E}.Release|Any CPU.ActiveCfg = Release|Any CPU
		{BDDF8DFC-4267-44F4-AA56-A1233EE06E6E}.Release|Any CPU.Build.0 = Release|Any CPU
	EndGlobalSection
	GlobalSection(SolutionProperties) = preSolution
		HideSolutionNode = FALSE
	EndGlobalSection
	GlobalSection(ExtensibilityGlobals) = postSolution
		SolutionGuid = {4E6E37C9-CD86-4ED0-8FD9-587D64ED42C6}
	EndGlobalSection
EndGlobal
