
Microsoft Visual Studio Solution File, Format Version 12.00
# Visual Studio Version 16
VisualStudioVersion = 16.0.29613.14
MinimumVisualStudioVersion = 10.0.40219.1
Project("{FAE04EC0-301F-11D3-BF4B-00C04F79EFBC}") = "DelegateWithLambdaExpression", "DelegateWithLambdaExpression\DelegateWithLambdaExpression.csproj", "{55E54C5B-96C5-4567-BF34-32106BFB4C17}"
EndProject
Global
	GlobalSection(SolutionConfigurationPlatforms) = preSolution
		Debug|Any CPU = Debug|Any CPU
		Release|Any CPU = Release|Any CPU
	EndGlobalSection
	GlobalSection(ProjectConfigurationPlatforms) = postSolution
		{55E54C5B-96C5-4567-BF34-32106BFB4C17}.Debug|Any CPU.ActiveCfg = Debug|Any CPU
		{55E54C5B-96C5-4567-BF34-32106BFB4C17}.Debug|Any CPU.Build.0 = Debug|Any CPU
		{55E54C5B-96C5-4567-BF34-32106BFB4C17}.Release|Any CPU.ActiveCfg = Release|Any CPU
		{55E54C5B-96C5-4567-BF34-32106BFB4C17}.Release|Any CPU.Build.0 = Release|Any CPU
	EndGlobalSection
	GlobalSection(SolutionProperties) = preSolution
		HideSolutionNode = FALSE
	EndGlobalSection
	GlobalSection(ExtensibilityGlobals) = postSolution
		SolutionGuid = {4CC1A682-7910-492A-AB21-21CABC769305}
	EndGlobalSection
EndGlobal
