
Microsoft Visual Studio Solution File, Format Version 12.00
# Visual Studio Version 16
VisualStudioVersion = 16.0.29025.244
MinimumVisualStudioVersion = 10.0.40219.1
Project("{FAE04EC0-301F-11D3-BF4B-00C04F79EFBC}") = "Homework_MergesortALinkedList", "Homework_MergesortALinkedList\Homework_MergesortALinkedList.csproj", "{6CE31D3A-FFC7-4C01-A478-823D4C4DDC43}"
EndProject
Global
	GlobalSection(SolutionConfigurationPlatforms) = preSolution
		Debug|Any CPU = Debug|Any CPU
		Release|Any CPU = Release|Any CPU
	EndGlobalSection
	GlobalSection(ProjectConfigurationPlatforms) = postSolution
		{6CE31D3A-FFC7-4C01-A478-823D4C4DDC43}.Debug|Any CPU.ActiveCfg = Debug|Any CPU
		{6CE31D3A-FFC7-4C01-A478-823D4C4DDC43}.Debug|Any CPU.Build.0 = Debug|Any CPU
		{6CE31D3A-FFC7-4C01-A478-823D4C4DDC43}.Release|Any CPU.ActiveCfg = Release|Any CPU
		{6CE31D3A-FFC7-4C01-A478-823D4C4DDC43}.Release|Any CPU.Build.0 = Release|Any CPU
	EndGlobalSection
	GlobalSection(SolutionProperties) = preSolution
		HideSolutionNode = FALSE
	EndGlobalSection
	GlobalSection(ExtensibilityGlobals) = postSolution
		SolutionGuid = {67C65171-B260-41B6-B373-6A7BA268D939}
	EndGlobalSection
EndGlobal
