
Microsoft Visual Studio Solution File, Format Version 12.00
# Visual Studio Version 16
VisualStudioVersion = 16.0.28803.452
MinimumVisualStudioVersion = 10.0.40219.1
Project("{FAE04EC0-301F-11D3-BF4B-00C04F79EFBC}") = "SystemNumericsExamples", "SystemNumericsExamples\SystemNumericsExamples.csproj", "{3EDA5600-BA88-4DB0-820C-1B428B70AC76}"
EndProject
Global
	GlobalSection(SolutionConfigurationPlatforms) = preSolution
		Debug|Any CPU = Debug|Any CPU
		Release|Any CPU = Release|Any CPU
	EndGlobalSection
	GlobalSection(ProjectConfigurationPlatforms) = postSolution
		{3EDA5600-BA88-4DB0-820C-1B428B70AC76}.Debug|Any CPU.ActiveCfg = Debug|Any CPU
		{3EDA5600-BA88-4DB0-820C-1B428B70AC76}.Debug|Any CPU.Build.0 = Debug|Any CPU
		{3EDA5600-BA88-4DB0-820C-1B428B70AC76}.Release|Any CPU.ActiveCfg = Release|Any CPU
		{3EDA5600-BA88-4DB0-820C-1B428B70AC76}.Release|Any CPU.Build.0 = Release|Any CPU
	EndGlobalSection
	GlobalSection(SolutionProperties) = preSolution
		HideSolutionNode = FALSE
	EndGlobalSection
	GlobalSection(ExtensibilityGlobals) = postSolution
		SolutionGuid = {84D4AAD7-10F4-4553-9DD8-40406B171DBB}
	EndGlobalSection
EndGlobal
