
Microsoft Visual Studio Solution File, Format Version 12.00
# Visual Studio Version 16
VisualStudioVersion = 16.0.29025.244
MinimumVisualStudioVersion = 10.0.40219.1
Project("{FAE04EC0-301F-11D3-BF4B-00C04F79EFBC}") = "Dictionary_Collection_InClassExercise", "Dictionary_Collection_InClassExercise\Dictionary_Collection_InClassExercise.csproj", "{C77EB8EC-09CF-4786-8C3D-E3F10E2576C1}"
EndProject
Global
	GlobalSection(SolutionConfigurationPlatforms) = preSolution
		Debug|Any CPU = Debug|Any CPU
		Release|Any CPU = Release|Any CPU
	EndGlobalSection
	GlobalSection(ProjectConfigurationPlatforms) = postSolution
		{C77EB8EC-09CF-4786-8C3D-E3F10E2576C1}.Debug|Any CPU.ActiveCfg = Debug|Any CPU
		{C77EB8EC-09CF-4786-8C3D-E3F10E2576C1}.Debug|Any CPU.Build.0 = Debug|Any CPU
		{C77EB8EC-09CF-4786-8C3D-E3F10E2576C1}.Release|Any CPU.ActiveCfg = Release|Any CPU
		{C77EB8EC-09CF-4786-8C3D-E3F10E2576C1}.Release|Any CPU.Build.0 = Release|Any CPU
	EndGlobalSection
	GlobalSection(SolutionProperties) = preSolution
		HideSolutionNode = FALSE
	EndGlobalSection
	GlobalSection(ExtensibilityGlobals) = postSolution
		SolutionGuid = {542EB5E1-4C81-4DDA-8888-E5CE56F8BA13}
	EndGlobalSection
EndGlobal
