
Microsoft Visual Studio Solution File, Format Version 12.00
# Visual Studio Version 16
VisualStudioVersion = 16.0.29009.5
MinimumVisualStudioVersion = 10.0.40219.1
Project("{FAE04EC0-301F-11D3-BF4B-00C04F79EFBC}") = "IComparable_IComparer_Interfaces", "IComparable_IComparer_Interfaces\IComparable_IComparer_Interfaces.csproj", "{FFF600BB-09CB-4A41-B97A-8D952D3A5896}"
EndProject
Project("{FAE04EC0-301F-11D3-BF4B-00C04F79EFBC}") = "UnitTests", "UnitTests\UnitTests.csproj", "{6CCACDE1-1690-4D75-B3A9-77E2A8E31C84}"
EndProject
Global
	GlobalSection(SolutionConfigurationPlatforms) = preSolution
		Debug|Any CPU = Debug|Any CPU
		Release|Any CPU = Release|Any CPU
	EndGlobalSection
	GlobalSection(ProjectConfigurationPlatforms) = postSolution
		{FFF600BB-09CB-4A41-B97A-8D952D3A5896}.Debug|Any CPU.ActiveCfg = Debug|Any CPU
		{FFF600BB-09CB-4A41-B97A-8D952D3A5896}.Debug|Any CPU.Build.0 = Debug|Any CPU
		{FFF600BB-09CB-4A41-B97A-8D952D3A5896}.Release|Any CPU.ActiveCfg = Release|Any CPU
		{FFF600BB-09CB-4A41-B97A-8D952D3A5896}.Release|Any CPU.Build.0 = Release|Any CPU
		{6CCACDE1-1690-4D75-B3A9-77E2A8E31C84}.Debug|Any CPU.ActiveCfg = Debug|Any CPU
		{6CCACDE1-1690-4D75-B3A9-77E2A8E31C84}.Debug|Any CPU.Build.0 = Debug|Any CPU
		{6CCACDE1-1690-4D75-B3A9-77E2A8E31C84}.Release|Any CPU.ActiveCfg = Release|Any CPU
		{6CCACDE1-1690-4D75-B3A9-77E2A8E31C84}.Release|Any CPU.Build.0 = Release|Any CPU
	EndGlobalSection
	GlobalSection(SolutionProperties) = preSolution
		HideSolutionNode = FALSE
	EndGlobalSection
	GlobalSection(ExtensibilityGlobals) = postSolution
		SolutionGuid = {CB732E8F-177D-4916-AE69-E5BB49308984}
	EndGlobalSection
EndGlobal
