
Microsoft Visual Studio Solution File, Format Version 12.00
# Visual Studio Version 16
VisualStudioVersion = 16.0.29001.49
MinimumVisualStudioVersion = 10.0.40219.1
Project("{FAE04EC0-301F-11D3-BF4B-00C04F79EFBC}") = "ClassProject_BankAccounts", "ClassProject_BankAccounts\ClassProject_BankAccounts.csproj", "{1ADA67FE-928E-4943-A418-BF3FF0E34A33}"
EndProject
Global
	GlobalSection(SolutionConfigurationPlatforms) = preSolution
		Debug|Any CPU = Debug|Any CPU
		Release|Any CPU = Release|Any CPU
	EndGlobalSection
	GlobalSection(ProjectConfigurationPlatforms) = postSolution
		{1ADA67FE-928E-4943-A418-BF3FF0E34A33}.Debug|Any CPU.ActiveCfg = Debug|Any CPU
		{1ADA67FE-928E-4943-A418-BF3FF0E34A33}.Debug|Any CPU.Build.0 = Debug|Any CPU
		{1ADA67FE-928E-4943-A418-BF3FF0E34A33}.Release|Any CPU.ActiveCfg = Release|Any CPU
		{1ADA67FE-928E-4943-A418-BF3FF0E34A33}.Release|Any CPU.Build.0 = Release|Any CPU
	EndGlobalSection
	GlobalSection(SolutionProperties) = preSolution
		HideSolutionNode = FALSE
	EndGlobalSection
	GlobalSection(ExtensibilityGlobals) = postSolution
		SolutionGuid = {35126BDB-8174-435D-B6E4-FF8CD7213912}
	EndGlobalSection
EndGlobal
