
Microsoft Visual Studio Solution File, Format Version 12.00
# Visual Studio Version 16
VisualStudioVersion = 16.0.29009.5
MinimumVisualStudioVersion = 10.0.40219.1
Project("{FAE04EC0-301F-11D3-BF4B-00C04F79EFBC}") = "CustomInterface", "CustomInterface\CustomInterface.csproj", "{936B3AD7-2117-46F3-A252-42BEE9009F67}"
EndProject
Global
	GlobalSection(SolutionConfigurationPlatforms) = preSolution
		Debug|Any CPU = Debug|Any CPU
		Release|Any CPU = Release|Any CPU
	EndGlobalSection
	GlobalSection(ProjectConfigurationPlatforms) = postSolution
		{936B3AD7-2117-46F3-A252-42BEE9009F67}.Debug|Any CPU.ActiveCfg = Debug|Any CPU
		{936B3AD7-2117-46F3-A252-42BEE9009F67}.Debug|Any CPU.Build.0 = Debug|Any CPU
		{936B3AD7-2117-46F3-A252-42BEE9009F67}.Release|Any CPU.ActiveCfg = Release|Any CPU
		{936B3AD7-2117-46F3-A252-42BEE9009F67}.Release|Any CPU.Build.0 = Release|Any CPU
	EndGlobalSection
	GlobalSection(SolutionProperties) = preSolution
		HideSolutionNode = FALSE
	EndGlobalSection
	GlobalSection(ExtensibilityGlobals) = postSolution
		SolutionGuid = {FB972CC9-E657-4D70-8754-A7F02DBDDA1C}
	EndGlobalSection
EndGlobal
