
Microsoft Visual Studio Solution File, Format Version 12.00
# Visual Studio Version 16
VisualStudioVersion = 16.0.28922.388
MinimumVisualStudioVersion = 10.0.40219.1
Project("{FAE04EC0-301F-11D3-BF4B-00C04F79EFBC}") = "RectangularShapes", "RectangularShapes\RectangularShapes.csproj", "{F45A2C51-0EFB-48A1-ACC0-98F01E886072}"
EndProject
Global
	GlobalSection(SolutionConfigurationPlatforms) = preSolution
		Debug|Any CPU = Debug|Any CPU
		Release|Any CPU = Release|Any CPU
	EndGlobalSection
	GlobalSection(ProjectConfigurationPlatforms) = postSolution
		{F45A2C51-0EFB-48A1-ACC0-98F01E886072}.Debug|Any CPU.ActiveCfg = Debug|Any CPU
		{F45A2C51-0EFB-48A1-ACC0-98F01E886072}.Debug|Any CPU.Build.0 = Debug|Any CPU
		{F45A2C51-0EFB-48A1-ACC0-98F01E886072}.Release|Any CPU.ActiveCfg = Release|Any CPU
		{F45A2C51-0EFB-48A1-ACC0-98F01E886072}.Release|Any CPU.Build.0 = Release|Any CPU
	EndGlobalSection
	GlobalSection(SolutionProperties) = preSolution
		HideSolutionNode = FALSE
	EndGlobalSection
	GlobalSection(ExtensibilityGlobals) = postSolution
		SolutionGuid = {E6915301-A6EF-4A58-B194-C089EEB4C7B3}
	EndGlobalSection
EndGlobal
