
Microsoft Visual Studio Solution File, Format Version 12.00
# Visual Studio Version 16
VisualStudioVersion = 16.0.29613.14
MinimumVisualStudioVersion = 10.0.40219.1
Project("{FAE04EC0-301F-11D3-BF4B-00C04F79EFBC}") = "SharedAsmReflector", "SharedAsmReflector\SharedAsmReflector.csproj", "{CA7F9BF0-0AE3-441E-967A-FAD2665F77D4}"
EndProject
Global
	GlobalSection(SolutionConfigurationPlatforms) = preSolution
		Debug|Any CPU = Debug|Any CPU
		Release|Any CPU = Release|Any CPU
	EndGlobalSection
	GlobalSection(ProjectConfigurationPlatforms) = postSolution
		{CA7F9BF0-0AE3-441E-967A-FAD2665F77D4}.Debug|Any CPU.ActiveCfg = Debug|Any CPU
		{CA7F9BF0-0AE3-441E-967A-FAD2665F77D4}.Debug|Any CPU.Build.0 = Debug|Any CPU
		{CA7F9BF0-0AE3-441E-967A-FAD2665F77D4}.Release|Any CPU.ActiveCfg = Release|Any CPU
		{CA7F9BF0-0AE3-441E-967A-FAD2665F77D4}.Release|Any CPU.Build.0 = Release|Any CPU
	EndGlobalSection
	GlobalSection(SolutionProperties) = preSolution
		HideSolutionNode = FALSE
	EndGlobalSection
	GlobalSection(ExtensibilityGlobals) = postSolution
		SolutionGuid = {A77908DB-4AB9-415B-8088-9346C1B84C14}
	EndGlobalSection
EndGlobal
