
Microsoft Visual Studio Solution File, Format Version 12.00
# Visual Studio Version 16
VisualStudioVersion = 16.0.29025.244
MinimumVisualStudioVersion = 10.0.40219.1
Project("{FAE04EC0-301F-11D3-BF4B-00C04F79EFBC}") = "StackArrayImplementation", "StackArrayImplementation\StackArrayImplementation.csproj", "{331F7B5E-1978-44D0-A05B-7EC49B03A26A}"
EndProject
Global
	GlobalSection(SolutionConfigurationPlatforms) = preSolution
		Debug|Any CPU = Debug|Any CPU
		Release|Any CPU = Release|Any CPU
	EndGlobalSection
	GlobalSection(ProjectConfigurationPlatforms) = postSolution
		{331F7B5E-1978-44D0-A05B-7EC49B03A26A}.Debug|Any CPU.ActiveCfg = Debug|Any CPU
		{331F7B5E-1978-44D0-A05B-7EC49B03A26A}.Debug|Any CPU.Build.0 = Debug|Any CPU
		{331F7B5E-1978-44D0-A05B-7EC49B03A26A}.Release|Any CPU.ActiveCfg = Release|Any CPU
		{331F7B5E-1978-44D0-A05B-7EC49B03A26A}.Release|Any CPU.Build.0 = Release|Any CPU
	EndGlobalSection
	GlobalSection(SolutionProperties) = preSolution
		HideSolutionNode = FALSE
	EndGlobalSection
	GlobalSection(ExtensibilityGlobals) = postSolution
		SolutionGuid = {3F6DAAAD-8B51-4CDC-9B5D-4783BF37AFF3}
	EndGlobalSection
EndGlobal
