
Microsoft Visual Studio Solution File, Format Version 12.00
# Visual Studio Version 16
VisualStudioVersion = 16.0.29613.14
MinimumVisualStudioVersion = 10.0.40219.1
Project("{FAE04EC0-301F-11D3-BF4B-00C04F79EFBC}") = "TaskThatAcceptsParameters", "TaskThatAcceptsParameters\TaskThatAcceptsParameters.csproj", "{7A31F87F-A113-4D10-8EBF-D1FEF1BE77EF}"
EndProject
Global
	GlobalSection(SolutionConfigurationPlatforms) = preSolution
		Debug|Any CPU = Debug|Any CPU
		Release|Any CPU = Release|Any CPU
	EndGlobalSection
	GlobalSection(ProjectConfigurationPlatforms) = postSolution
		{7A31F87F-A113-4D10-8EBF-D1FEF1BE77EF}.Debug|Any CPU.ActiveCfg = Debug|Any CPU
		{7A31F87F-A113-4D10-8EBF-D1FEF1BE77EF}.Debug|Any CPU.Build.0 = Debug|Any CPU
		{7A31F87F-A113-4D10-8EBF-D1FEF1BE77EF}.Release|Any CPU.ActiveCfg = Release|Any CPU
		{7A31F87F-A113-4D10-8EBF-D1FEF1BE77EF}.Release|Any CPU.Build.0 = Release|Any CPU
	EndGlobalSection
	GlobalSection(SolutionProperties) = preSolution
		HideSolutionNode = FALSE
	EndGlobalSection
	GlobalSection(ExtensibilityGlobals) = postSolution
		SolutionGuid = {C4E6B41A-0627-40C8-BFE1-11742C7C1F58}
	EndGlobalSection
EndGlobal
