
Microsoft Visual Studio Solution File, Format Version 12.00
# Visual Studio Version 16
VisualStudioVersion = 16.0.30002.166
MinimumVisualStudioVersion = 10.0.40219.1
Project("{FAE04EC0-301F-11D3-BF4B-00C04F79EFBC}") = "LinqOverCollections", "LinqOverCollections\LinqOverCollections.csproj", "{BA27D553-2D36-4461-8557-75A94AE3A962}"
EndProject
Global
	GlobalSection(SolutionConfigurationPlatforms) = preSolution
		Debug|Any CPU = Debug|Any CPU
		Release|Any CPU = Release|Any CPU
	EndGlobalSection
	GlobalSection(ProjectConfigurationPlatforms) = postSolution
		{BA27D553-2D36-4461-8557-75A94AE3A962}.Debug|Any CPU.ActiveCfg = Debug|Any CPU
		{BA27D553-2D36-4461-8557-75A94AE3A962}.Debug|Any CPU.Build.0 = Debug|Any CPU
		{BA27D553-2D36-4461-8557-75A94AE3A962}.Release|Any CPU.ActiveCfg = Release|Any CPU
		{BA27D553-2D36-4461-8557-75A94AE3A962}.Release|Any CPU.Build.0 = Release|Any CPU
	EndGlobalSection
	GlobalSection(SolutionProperties) = preSolution
		HideSolutionNode = FALSE
	EndGlobalSection
	GlobalSection(ExtensibilityGlobals) = postSolution
		SolutionGuid = {4904FCBA-2B24-434B-80B0-CFC1EB248357}
	EndGlobalSection
EndGlobal
