
Microsoft Visual Studio Solution File, Format Version 12.00
# Visual Studio Version 16
VisualStudioVersion = 16.0.29613.14
MinimumVisualStudioVersion = 10.0.40219.1
Project("{FAE04EC0-301F-11D3-BF4B-00C04F79EFBC}") = "SimpleDelegate", "SimpleDelegate\SimpleDelegate.csproj", "{97A51B26-710A-45EC-8D80-2E7D11B0F1FD}"
EndProject
Global
	GlobalSection(SolutionConfigurationPlatforms) = preSolution
		Debug|Any CPU = Debug|Any CPU
		Release|Any CPU = Release|Any CPU
	EndGlobalSection
	GlobalSection(ProjectConfigurationPlatforms) = postSolution
		{97A51B26-710A-45EC-8D80-2E7D11B0F1FD}.Debug|Any CPU.ActiveCfg = Debug|Any CPU
		{97A51B26-710A-45EC-8D80-2E7D11B0F1FD}.Debug|Any CPU.Build.0 = Debug|Any CPU
		{97A51B26-710A-45EC-8D80-2E7D11B0F1FD}.Release|Any CPU.ActiveCfg = Release|Any CPU
		{97A51B26-710A-45EC-8D80-2E7D11B0F1FD}.Release|Any CPU.Build.0 = Release|Any CPU
	EndGlobalSection
	GlobalSection(SolutionProperties) = preSolution
		HideSolutionNode = FALSE
	EndGlobalSection
	GlobalSection(ExtensibilityGlobals) = postSolution
		SolutionGuid = {40A41B06-B9EC-4101-A099-CB662AF36FE3}
	EndGlobalSection
EndGlobal
