
Microsoft Visual Studio Solution File, Format Version 12.00
# Visual Studio Version 16
VisualStudioVersion = 16.0.28803.452
MinimumVisualStudioVersion = 10.0.40219.1
Project("{FAE04EC0-301F-11D3-BF4B-00C04F79EFBC}") = "ParsingValuesFromStringData", "ParsingValuesFromStringData\ParsingValuesFromStringData.csproj", "{48E6E814-642C-4BF3-ACCF-F5C0BE7EF47F}"
EndProject
Global
	GlobalSection(SolutionConfigurationPlatforms) = preSolution
		Debug|Any CPU = Debug|Any CPU
		Release|Any CPU = Release|Any CPU
	EndGlobalSection
	GlobalSection(ProjectConfigurationPlatforms) = postSolution
		{48E6E814-642C-4BF3-ACCF-F5C0BE7EF47F}.Debug|Any CPU.ActiveCfg = Debug|Any CPU
		{48E6E814-642C-4BF3-ACCF-F5C0BE7EF47F}.Debug|Any CPU.Build.0 = Debug|Any CPU
		{48E6E814-642C-4BF3-ACCF-F5C0BE7EF47F}.Release|Any CPU.ActiveCfg = Release|Any CPU
		{48E6E814-642C-4BF3-ACCF-F5C0BE7EF47F}.Release|Any CPU.Build.0 = Release|Any CPU
	EndGlobalSection
	GlobalSection(SolutionProperties) = preSolution
		HideSolutionNode = FALSE
	EndGlobalSection
	GlobalSection(ExtensibilityGlobals) = postSolution
		SolutionGuid = {50BEE7B6-2D6E-46A4-B3E4-E9EE5130D2C7}
	EndGlobalSection
EndGlobal
