
Microsoft Visual Studio Solution File, Format Version 12.00
# Visual Studio Version 16
VisualStudioVersion = 16.0.28922.388
MinimumVisualStudioVersion = 10.0.40219.1
Project("{FAE04EC0-301F-11D3-BF4B-00C04F79EFBC}") = "NestedClassesHomework", "NestedClassesHomework\NestedClassesHomework.csproj", "{6297742C-4CE3-4966-B8FB-E098027008F7}"
EndProject
Global
	GlobalSection(SolutionConfigurationPlatforms) = preSolution
		Debug|Any CPU = Debug|Any CPU
		Release|Any CPU = Release|Any CPU
	EndGlobalSection
	GlobalSection(ProjectConfigurationPlatforms) = postSolution
		{6297742C-4CE3-4966-B8FB-E098027008F7}.Debug|Any CPU.ActiveCfg = Debug|Any CPU
		{6297742C-4CE3-4966-B8FB-E098027008F7}.Debug|Any CPU.Build.0 = Debug|Any CPU
		{6297742C-4CE3-4966-B8FB-E098027008F7}.Release|Any CPU.ActiveCfg = Release|Any CPU
		{6297742C-4CE3-4966-B8FB-E098027008F7}.Release|Any CPU.Build.0 = Release|Any CPU
	EndGlobalSection
	GlobalSection(SolutionProperties) = preSolution
		HideSolutionNode = FALSE
	EndGlobalSection
	GlobalSection(ExtensibilityGlobals) = postSolution
		SolutionGuid = {2A822A55-2193-42C9-80FB-115710520DC2}
	EndGlobalSection
EndGlobal
