
Microsoft Visual Studio Solution File, Format Version 12.00
# Visual Studio Version 16
VisualStudioVersion = 16.0.29123.88
MinimumVisualStudioVersion = 10.0.40219.1
Project("{FAE04EC0-301F-11D3-BF4B-00C04F79EFBC}") = "DataProviderFactory_Example", "DataProviderFactory_Example\DataProviderFactory_Example.csproj", "{B16F7B3F-A228-491D-9777-33BF2A0FB048}"
EndProject
Global
	GlobalSection(SolutionConfigurationPlatforms) = preSolution
		Debug|Any CPU = Debug|Any CPU
		Release|Any CPU = Release|Any CPU
	EndGlobalSection
	GlobalSection(ProjectConfigurationPlatforms) = postSolution
		{B16F7B3F-A228-491D-9777-33BF2A0FB048}.Debug|Any CPU.ActiveCfg = Debug|Any CPU
		{B16F7B3F-A228-491D-9777-33BF2A0FB048}.Debug|Any CPU.Build.0 = Debug|Any CPU
		{B16F7B3F-A228-491D-9777-33BF2A0FB048}.Release|Any CPU.ActiveCfg = Release|Any CPU
		{B16F7B3F-A228-491D-9777-33BF2A0FB048}.Release|Any CPU.Build.0 = Release|Any CPU
	EndGlobalSection
	GlobalSection(SolutionProperties) = preSolution
		HideSolutionNode = FALSE
	EndGlobalSection
	GlobalSection(ExtensibilityGlobals) = postSolution
		SolutionGuid = {F4D182BA-5F34-40F1-9D4C-56F50ED4879A}
	EndGlobalSection
EndGlobal
