
Microsoft Visual Studio Solution File, Format Version 12.00
# Visual Studio Version 16
VisualStudioVersion = 16.0.29613.14
MinimumVisualStudioVersion = 10.0.40219.1
Project("{FAE04EC0-301F-11D3-BF4B-00C04F79EFBC}") = "TaskExceptionHandling", "TaskExceptionHandling\TaskExceptionHandling.csproj", "{C853E471-742F-4B73-9BC1-7C800D25D3C7}"
EndProject
Global
	GlobalSection(SolutionConfigurationPlatforms) = preSolution
		Debug|Any CPU = Debug|Any CPU
		Release|Any CPU = Release|Any CPU
	EndGlobalSection
	GlobalSection(ProjectConfigurationPlatforms) = postSolution
		{C853E471-742F-4B73-9BC1-7C800D25D3C7}.Debug|Any CPU.ActiveCfg = Debug|Any CPU
		{C853E471-742F-4B73-9BC1-7C800D25D3C7}.Debug|Any CPU.Build.0 = Debug|Any CPU
		{C853E471-742F-4B73-9BC1-7C800D25D3C7}.Release|Any CPU.ActiveCfg = Release|Any CPU
		{C853E471-742F-4B73-9BC1-7C800D25D3C7}.Release|Any CPU.Build.0 = Release|Any CPU
	EndGlobalSection
	GlobalSection(SolutionProperties) = preSolution
		HideSolutionNode = FALSE
	EndGlobalSection
	GlobalSection(ExtensibilityGlobals) = postSolution
		SolutionGuid = {03FD5AD4-6C4B-4527-9495-EF0C62E4FB92}
	EndGlobalSection
EndGlobal
