
Microsoft Visual Studio Solution File, Format Version 12.00
# Visual Studio Version 16
VisualStudioVersion = 16.0.29009.5
MinimumVisualStudioVersion = 10.0.40219.1
Project("{FAE04EC0-301F-11D3-BF4B-00C04F79EFBC}") = "List_Collection", "List_Collection\List_Collection.csproj", "{7CBBC87C-BBB0-4EF1-807F-7A03914AADAD}"
EndProject
Global
	GlobalSection(SolutionConfigurationPlatforms) = preSolution
		Debug|Any CPU = Debug|Any CPU
		Release|Any CPU = Release|Any CPU
	EndGlobalSection
	GlobalSection(ProjectConfigurationPlatforms) = postSolution
		{7CBBC87C-BBB0-4EF1-807F-7A03914AADAD}.Debug|Any CPU.ActiveCfg = Debug|Any CPU
		{7CBBC87C-BBB0-4EF1-807F-7A03914AADAD}.Debug|Any CPU.Build.0 = Debug|Any CPU
		{7CBBC87C-BBB0-4EF1-807F-7A03914AADAD}.Release|Any CPU.ActiveCfg = Release|Any CPU
		{7CBBC87C-BBB0-4EF1-807F-7A03914AADAD}.Release|Any CPU.Build.0 = Release|Any CPU
	EndGlobalSection
	GlobalSection(SolutionProperties) = preSolution
		HideSolutionNode = FALSE
	EndGlobalSection
	GlobalSection(ExtensibilityGlobals) = postSolution
		SolutionGuid = {6A0C62E4-CADF-42E2-A243-189951463884}
	EndGlobalSection
EndGlobal
