
Microsoft Visual Studio Solution File, Format Version 12.00
# Visual Studio Version 16
VisualStudioVersion = 16.0.29123.88
MinimumVisualStudioVersion = 10.0.40219.1
Project("{FAE04EC0-301F-11D3-BF4B-00C04F79EFBC}") = "ExploreXmlFiles", "ExploreXmlFiles\ExploreXmlFiles.csproj", "{0F4AF328-62AF-41ED-BACF-1AFCA476CF83}"
EndProject
Global
	GlobalSection(SolutionConfigurationPlatforms) = preSolution
		Debug|Any CPU = Debug|Any CPU
		Release|Any CPU = Release|Any CPU
	EndGlobalSection
	GlobalSection(ProjectConfigurationPlatforms) = postSolution
		{0F4AF328-62AF-41ED-BACF-1AFCA476CF83}.Debug|Any CPU.ActiveCfg = Debug|Any CPU
		{0F4AF328-62AF-41ED-BACF-1AFCA476CF83}.Debug|Any CPU.Build.0 = Debug|Any CPU
		{0F4AF328-62AF-41ED-BACF-1AFCA476CF83}.Release|Any CPU.ActiveCfg = Release|Any CPU
		{0F4AF328-62AF-41ED-BACF-1AFCA476CF83}.Release|Any CPU.Build.0 = Release|Any CPU
	EndGlobalSection
	GlobalSection(SolutionProperties) = preSolution
		HideSolutionNode = FALSE
	EndGlobalSection
	GlobalSection(ExtensibilityGlobals) = postSolution
		SolutionGuid = {F24D204B-D411-4CE9-A892-16AC76883B2C}
	EndGlobalSection
EndGlobal
