
Microsoft Visual Studio Solution File, Format Version 12.00
# Visual Studio Version 16
VisualStudioVersion = 16.0.29613.14
MinimumVisualStudioVersion = 10.0.40219.1
Project("{FAE04EC0-301F-11D3-BF4B-00C04F79EFBC}") = "CarEvents_AnonymousMethod", "CarEvents_AnonymousMethod\CarEvents_AnonymousMethod.csproj", "{06599F47-D0CD-4E18-81B1-79D97D4F9C2C}"
EndProject
Global
	GlobalSection(SolutionConfigurationPlatforms) = preSolution
		Debug|Any CPU = Debug|Any CPU
		Release|Any CPU = Release|Any CPU
	EndGlobalSection
	GlobalSection(ProjectConfigurationPlatforms) = postSolution
		{06599F47-D0CD-4E18-81B1-79D97D4F9C2C}.Debug|Any CPU.ActiveCfg = Debug|Any CPU
		{06599F47-D0CD-4E18-81B1-79D97D4F9C2C}.Debug|Any CPU.Build.0 = Debug|Any CPU
		{06599F47-D0CD-4E18-81B1-79D97D4F9C2C}.Release|Any CPU.ActiveCfg = Release|Any CPU
		{06599F47-D0CD-4E18-81B1-79D97D4F9C2C}.Release|Any CPU.Build.0 = Release|Any CPU
	EndGlobalSection
	GlobalSection(SolutionProperties) = preSolution
		HideSolutionNode = FALSE
	EndGlobalSection
	GlobalSection(ExtensibilityGlobals) = postSolution
		SolutionGuid = {477680E8-4C6B-410C-8660-26E78A30E48F}
	EndGlobalSection
EndGlobal
