
Microsoft Visual Studio Solution File, Format Version 12.00
# Visual Studio Version 16
VisualStudioVersion = 16.0.29123.88
MinimumVisualStudioVersion = 10.0.40219.1
Project("{FAE04EC0-301F-11D3-BF4B-00C04F79EFBC}") = "AutoLotDataReader", "AutoLotDataReader\AutoLotDataReader.csproj", "{4B27ED53-D3BA-4309-A38F-BB72B8326CF2}"
EndProject
Project("{FAE04EC0-301F-11D3-BF4B-00C04F79EFBC}") = "AutoLotDAL", "AutoLotDAL\AutoLotDAL.csproj", "{3B463312-73C9-436A-984B-2A86F5C7DBA9}"
EndProject
Project("{FAE04EC0-301F-11D3-BF4B-00C04F79EFBC}") = "AutoLotClient", "AutoLotClient\AutoLotClient.csproj", "{4DC73377-5CA2-49EF-A0CC-76C1628F1162}"
EndProject
Global
	GlobalSection(SolutionConfigurationPlatforms) = preSolution
		Debug|Any CPU = Debug|Any CPU
		Release|Any CPU = Release|Any CPU
	EndGlobalSection
	GlobalSection(ProjectConfigurationPlatforms) = postSolution
		{4B27ED53-D3BA-4309-A38F-BB72B8326CF2}.Debug|Any CPU.ActiveCfg = Debug|Any CPU
		{4B27ED53-D3BA-4309-A38F-BB72B8326CF2}.Debug|Any CPU.Build.0 = Debug|Any CPU
		{4B27ED53-D3BA-4309-A38F-BB72B8326CF2}.Release|Any CPU.ActiveCfg = Release|Any CPU
		{4B27ED53-D3BA-4309-A38F-BB72B8326CF2}.Release|Any CPU.Build.0 = Release|Any CPU
		{3B463312-73C9-436A-984B-2A86F5C7DBA9}.Debug|Any CPU.ActiveCfg = Debug|Any CPU
		{3B463312-73C9-436A-984B-2A86F5C7DBA9}.Debug|Any CPU.Build.0 = Debug|Any CPU
		{3B463312-73C9-436A-984B-2A86F5C7DBA9}.Release|Any CPU.ActiveCfg = Release|Any CPU
		{3B463312-73C9-436A-984B-2A86F5C7DBA9}.Release|Any CPU.Build.0 = Release|Any CPU
		{4DC73377-5CA2-49EF-A0CC-76C1628F1162}.Debug|Any CPU.ActiveCfg = Debug|Any CPU
		{4DC73377-5CA2-49EF-A0CC-76C1628F1162}.Debug|Any CPU.Build.0 = Debug|Any CPU
		{4DC73377-5CA2-49EF-A0CC-76C1628F1162}.Release|Any CPU.ActiveCfg = Release|Any CPU
		{4DC73377-5CA2-49EF-A0CC-76C1628F1162}.Release|Any CPU.Build.0 = Release|Any CPU
	EndGlobalSection
	GlobalSection(SolutionProperties) = preSolution
		HideSolutionNode = FALSE
	EndGlobalSection
	GlobalSection(ExtensibilityGlobals) = postSolution
		SolutionGuid = {316FF3EF-6A46-469D-9C4C-6CE779AFA741}
	EndGlobalSection
EndGlobal
