
Microsoft Visual Studio Solution File, Format Version 12.00
# Visual Studio Version 16
VisualStudioVersion = 16.0.29009.5
MinimumVisualStudioVersion = 10.0.40219.1
Project("{FAE04EC0-301F-11D3-BF4B-00C04F79EFBC}") = "Class_with_a_List", "Class_with_a_List\Class_with_a_List.csproj", "{EDD307E5-0B75-4945-9124-BA4382A2C8D8}"
EndProject
Global
	GlobalSection(SolutionConfigurationPlatforms) = preSolution
		Debug|Any CPU = Debug|Any CPU
		Release|Any CPU = Release|Any CPU
	EndGlobalSection
	GlobalSection(ProjectConfigurationPlatforms) = postSolution
		{EDD307E5-0B75-4945-9124-BA4382A2C8D8}.Debug|Any CPU.ActiveCfg = Debug|Any CPU
		{EDD307E5-0B75-4945-9124-BA4382A2C8D8}.Debug|Any CPU.Build.0 = Debug|Any CPU
		{EDD307E5-0B75-4945-9124-BA4382A2C8D8}.Release|Any CPU.ActiveCfg = Release|Any CPU
		{EDD307E5-0B75-4945-9124-BA4382A2C8D8}.Release|Any CPU.Build.0 = Release|Any CPU
	EndGlobalSection
	GlobalSection(SolutionProperties) = preSolution
		HideSolutionNode = FALSE
	EndGlobalSection
	GlobalSection(ExtensibilityGlobals) = postSolution
		SolutionGuid = {B5083741-3C17-469A-A9D1-5BF08E4AB32F}
	EndGlobalSection
EndGlobal
