
Microsoft Visual Studio Solution File, Format Version 12.00
# Visual Studio Version 16
VisualStudioVersion = 16.0.29123.88
MinimumVisualStudioVersion = 10.0.40219.1
Project("{FAE04EC0-301F-11D3-BF4B-00C04F79EFBC}") = "ADOdotNET App Config Files Example", "ADOdotNET App Config Files Example\ADOdotNET App Config Files Example.csproj", "{A7A0B1C6-A968-4A8A-BF80-3CB5A25C6C31}"
EndProject
Global
	GlobalSection(SolutionConfigurationPlatforms) = preSolution
		Debug|Any CPU = Debug|Any CPU
		Release|Any CPU = Release|Any CPU
	EndGlobalSection
	GlobalSection(ProjectConfigurationPlatforms) = postSolution
		{A7A0B1C6-A968-4A8A-BF80-3CB5A25C6C31}.Debug|Any CPU.ActiveCfg = Debug|Any CPU
		{A7A0B1C6-A968-4A8A-BF80-3CB5A25C6C31}.Debug|Any CPU.Build.0 = Debug|Any CPU
		{A7A0B1C6-A968-4A8A-BF80-3CB5A25C6C31}.Release|Any CPU.ActiveCfg = Release|Any CPU
		{A7A0B1C6-A968-4A8A-BF80-3CB5A25C6C31}.Release|Any CPU.Build.0 = Release|Any CPU
	EndGlobalSection
	GlobalSection(SolutionProperties) = preSolution
		HideSolutionNode = FALSE
	EndGlobalSection
	GlobalSection(ExtensibilityGlobals) = postSolution
		SolutionGuid = {706982FE-A21D-404F-8BAC-9F9462F36A1D}
	EndGlobalSection
EndGlobal
