
Microsoft Visual Studio Solution File, Format Version 12.00
# Visual Studio Version 16
VisualStudioVersion = 16.0.29001.49
MinimumVisualStudioVersion = 10.0.40219.1
Project("{FAE04EC0-301F-11D3-BF4B-00C04F79EFBC}") = "ClassProject_ArrayBankAccounts", "ClassProject_ArrayBankAccounts\ClassProject_ArrayBankAccounts.csproj", "{F9563747-0575-474A-9ED4-CFF4A33FE515}"
EndProject
Global
	GlobalSection(SolutionConfigurationPlatforms) = preSolution
		Debug|Any CPU = Debug|Any CPU
		Release|Any CPU = Release|Any CPU
	EndGlobalSection
	GlobalSection(ProjectConfigurationPlatforms) = postSolution
		{F9563747-0575-474A-9ED4-CFF4A33FE515}.Debug|Any CPU.ActiveCfg = Debug|Any CPU
		{F9563747-0575-474A-9ED4-CFF4A33FE515}.Debug|Any CPU.Build.0 = Debug|Any CPU
		{F9563747-0575-474A-9ED4-CFF4A33FE515}.Release|Any CPU.ActiveCfg = Release|Any CPU
		{F9563747-0575-474A-9ED4-CFF4A33FE515}.Release|Any CPU.Build.0 = Release|Any CPU
	EndGlobalSection
	GlobalSection(SolutionProperties) = preSolution
		HideSolutionNode = FALSE
	EndGlobalSection
	GlobalSection(ExtensibilityGlobals) = postSolution
		SolutionGuid = {0FEF3D60-A066-4934-9FD3-06874FB2E2ED}
	EndGlobalSection
EndGlobal
