
Microsoft Visual Studio Solution File, Format Version 12.00
# Visual Studio Version 16
VisualStudioVersion = 16.0.29025.244
MinimumVisualStudioVersion = 10.0.40219.1
Project("{FAE04EC0-301F-11D3-BF4B-00C04F79EFBC}") = "TimedEfficiency", "TimedEfficiency\TimedEfficiency.csproj", "{56E5D7AF-AAD4-42B5-90A5-F80A6D1AC8CC}"
EndProject
Global
	GlobalSection(SolutionConfigurationPlatforms) = preSolution
		Debug|Any CPU = Debug|Any CPU
		Release|Any CPU = Release|Any CPU
	EndGlobalSection
	GlobalSection(ProjectConfigurationPlatforms) = postSolution
		{56E5D7AF-AAD4-42B5-90A5-F80A6D1AC8CC}.Debug|Any CPU.ActiveCfg = Debug|Any CPU
		{56E5D7AF-AAD4-42B5-90A5-F80A6D1AC8CC}.Debug|Any CPU.Build.0 = Debug|Any CPU
		{56E5D7AF-AAD4-42B5-90A5-F80A6D1AC8CC}.Release|Any CPU.ActiveCfg = Release|Any CPU
		{56E5D7AF-AAD4-42B5-90A5-F80A6D1AC8CC}.Release|Any CPU.Build.0 = Release|Any CPU
	EndGlobalSection
	GlobalSection(SolutionProperties) = preSolution
		HideSolutionNode = FALSE
	EndGlobalSection
	GlobalSection(ExtensibilityGlobals) = postSolution
		SolutionGuid = {6B220776-01D0-4BF8-B5A6-6D6D872DCD2C}
	EndGlobalSection
EndGlobal
