
Microsoft Visual Studio Solution File, Format Version 12.00
# Visual Studio Version 16
VisualStudioVersion = 16.0.29009.5
MinimumVisualStudioVersion = 10.0.40219.1
Project("{FAE04EC0-301F-11D3-BF4B-00C04F79EFBC}") = "WPF_ExpenseIt", "WPF_ExpenseIt\WPF_ExpenseIt.csproj", "{F619B6C6-5B1F-448D-9449-B2922683A667}"
EndProject
Global
	GlobalSection(SolutionConfigurationPlatforms) = preSolution
		Debug|Any CPU = Debug|Any CPU
		Release|Any CPU = Release|Any CPU
	EndGlobalSection
	GlobalSection(ProjectConfigurationPlatforms) = postSolution
		{F619B6C6-5B1F-448D-9449-B2922683A667}.Debug|Any CPU.ActiveCfg = Debug|Any CPU
		{F619B6C6-5B1F-448D-9449-B2922683A667}.Debug|Any CPU.Build.0 = Debug|Any CPU
		{F619B6C6-5B1F-448D-9449-B2922683A667}.Release|Any CPU.ActiveCfg = Release|Any CPU
		{F619B6C6-5B1F-448D-9449-B2922683A667}.Release|Any CPU.Build.0 = Release|Any CPU
	EndGlobalSection
	GlobalSection(SolutionProperties) = preSolution
		HideSolutionNode = FALSE
	EndGlobalSection
	GlobalSection(ExtensibilityGlobals) = postSolution
		SolutionGuid = {A592992E-FB86-48DD-A8EB-8E261BB009BA}
	EndGlobalSection
EndGlobal
