
Microsoft Visual Studio Solution File, Format Version 12.00
# Visual Studio Version 16
VisualStudioVersion = 16.0.29123.88
MinimumVisualStudioVersion = 10.0.40219.1
Project("{FAE04EC0-301F-11D3-BF4B-00C04F79EFBC}") = "TwoSum", "TwoSum\TwoSum.csproj", "{3E480855-802D-4162-B3B1-F433BA5E8732}"
EndProject
Global
	GlobalSection(SolutionConfigurationPlatforms) = preSolution
		Debug|Any CPU = Debug|Any CPU
		Release|Any CPU = Release|Any CPU
	EndGlobalSection
	GlobalSection(ProjectConfigurationPlatforms) = postSolution
		{3E480855-802D-4162-B3B1-F433BA5E8732}.Debug|Any CPU.ActiveCfg = Debug|Any CPU
		{3E480855-802D-4162-B3B1-F433BA5E8732}.Debug|Any CPU.Build.0 = Debug|Any CPU
		{3E480855-802D-4162-B3B1-F433BA5E8732}.Release|Any CPU.ActiveCfg = Release|Any CPU
		{3E480855-802D-4162-B3B1-F433BA5E8732}.Release|Any CPU.Build.0 = Release|Any CPU
	EndGlobalSection
	GlobalSection(SolutionProperties) = preSolution
		HideSolutionNode = FALSE
	EndGlobalSection
	GlobalSection(ExtensibilityGlobals) = postSolution
		SolutionGuid = {105982B2-2935-4B7C-A5C9-AFBDDD5089AA}
	EndGlobalSection
EndGlobal
