
Microsoft Visual Studio Solution File, Format Version 12.00
# Visual Studio Version 16
VisualStudioVersion = 16.0.28803.452
MinimumVisualStudioVersion = 10.0.40219.1
Project("{FAE04EC0-301F-11D3-BF4B-00C04F79EFBC}") = "ProcessingCommandLineArguments", "ProcessingCommandLineArguments\ProcessingCommandLineArguments.csproj", "{9181EE14-6191-4BFF-A22E-5EA767644811}"
EndProject
Global
	GlobalSection(SolutionConfigurationPlatforms) = preSolution
		Debug|Any CPU = Debug|Any CPU
		Release|Any CPU = Release|Any CPU
	EndGlobalSection
	GlobalSection(ProjectConfigurationPlatforms) = postSolution
		{9181EE14-6191-4BFF-A22E-5EA767644811}.Debug|Any CPU.ActiveCfg = Debug|Any CPU
		{9181EE14-6191-4BFF-A22E-5EA767644811}.Debug|Any CPU.Build.0 = Debug|Any CPU
		{9181EE14-6191-4BFF-A22E-5EA767644811}.Release|Any CPU.ActiveCfg = Release|Any CPU
		{9181EE14-6191-4BFF-A22E-5EA767644811}.Release|Any CPU.Build.0 = Release|Any CPU
	EndGlobalSection
	GlobalSection(SolutionProperties) = preSolution
		HideSolutionNode = FALSE
	EndGlobalSection
	GlobalSection(ExtensibilityGlobals) = postSolution
		SolutionGuid = {1A67A6E6-8551-47BB-B0CF-19567578A470}
	EndGlobalSection
EndGlobal
