
Microsoft Visual Studio Solution File, Format Version 12.00
# Visual Studio Version 16
VisualStudioVersion = 16.0.29009.5
MinimumVisualStudioVersion = 10.0.40219.1
Project("{FAE04EC0-301F-11D3-BF4B-00C04F79EFBC}") = "Polymorphism_with_interfaces", "Polymorphism_with_interfaces\Polymorphism_with_interfaces.csproj", "{31836411-CABD-47AC-A7ED-302214D0DDE7}"
EndProject
Global
	GlobalSection(SolutionConfigurationPlatforms) = preSolution
		Debug|Any CPU = Debug|Any CPU
		Release|Any CPU = Release|Any CPU
	EndGlobalSection
	GlobalSection(ProjectConfigurationPlatforms) = postSolution
		{31836411-CABD-47AC-A7ED-302214D0DDE7}.Debug|Any CPU.ActiveCfg = Debug|Any CPU
		{31836411-CABD-47AC-A7ED-302214D0DDE7}.Debug|Any CPU.Build.0 = Debug|Any CPU
		{31836411-CABD-47AC-A7ED-302214D0DDE7}.Release|Any CPU.ActiveCfg = Release|Any CPU
		{31836411-CABD-47AC-A7ED-302214D0DDE7}.Release|Any CPU.Build.0 = Release|Any CPU
	EndGlobalSection
	GlobalSection(SolutionProperties) = preSolution
		HideSolutionNode = FALSE
	EndGlobalSection
	GlobalSection(ExtensibilityGlobals) = postSolution
		SolutionGuid = {B65873E5-2F7F-4D78-AA43-B1B17FF4C69D}
	EndGlobalSection
EndGlobal
